
Microsoft Visual Studio Solution File, Format Version 12.00
# Visual Studio Version 17
VisualStudioVersion = 17.4.32804.182
MinimumVisualStudioVersion = 10.0.40219.1
Project("{FAE04EC0-301F-11D3-BF4B-00C04F79EFBC}") = "MenuStripMenuBar", "MenuStripMenuBar.csproj", "{6DFBDEFB-4B1A-4C25-91DD-4FC91982258E}"
EndProject
Global
	GlobalSection(SolutionConfigurationPlatforms) = preSolution
		Debug|Any CPU = Debug|Any CPU
		Release|Any CPU = Release|Any CPU
	EndGlobalSection
	GlobalSection(ProjectConfigurationPlatforms) = postSolution
		{6DFBDEFB-4B1A-4C25-91DD-4FC91982258E}.Debug|Any CPU.ActiveCfg = Debug|Any CPU
		{6DFBDEFB-4B1A-4C25-91DD-4FC91982258E}.Debug|Any CPU.Build.0 = Debug|Any CPU
		{6DFBDEFB-4B1A-4C25-91DD-4FC91982258E}.Release|Any CPU.ActiveCfg = Release|Any CPU
		{6DFBDEFB-4B1A-4C25-91DD-4FC91982258E}.Release|Any CPU.Build.0 = Release|Any CPU
	EndGlobalSection
	GlobalSection(SolutionProperties) = preSolution
		HideSolutionNode = FALSE
	EndGlobalSection
	GlobalSection(ExtensibilityGlobals) = postSolution
		SolutionGuid = {B5AF6A94-5EE7-468E-8A4C-B99EB4F0D842}
	EndGlobalSection
EndGlobal
